
Microsoft Visual Studio Solution File, Format Version 12.00
# Visual Studio Version 16
VisualStudioVersion = 16.0.29411.108
MinimumVisualStudioVersion = 10.0.40219.1
Project("{9A19103F-16F7-4668-BE54-9A1E7A4F7556}") = "Edge.Exago.WebApi", "Edge.Exago.WebApi\Edge.Exago.WebApi.csproj", "{CD1CBAB4-3DC1-4C76-8480-F0B4FCF638C6}"
EndProject
Project("{2150E333-8FDC-42A3-9474-1A3956D46DE8}") = "1 - Presentation", "1 - Presentation", "{A65A2FDE-6123-467B-9C3D-ED75521AB406}"
EndProject
Project("{2150E333-8FDC-42A3-9474-1A3956D46DE8}") = "2 - Services", "2 - Services", "{F4905B3F-663B-4E1B-A013-FE9AF2FC608A}"
EndProject
Project("{2150E333-8FDC-42A3-9474-1A3956D46DE8}") = "3 - Application", "3 - Application", "{2C3FD0C9-635A-45A5-BD22-0AF54BC36FBC}"
EndProject
Project("{2150E333-8FDC-42A3-9474-1A3956D46DE8}") = "4 - Domain", "4 - Domain", "{24B8798E-D782-4E7A-8696-BCFDF0A5200E}"
EndProject
Project("{2150E333-8FDC-42A3-9474-1A3956D46DE8}") = "5 - Infra", "5 - Infra", "{4EE003FA-24A9-4539-988B-9C02833FC151}"
EndProject
Project("{2150E333-8FDC-42A3-9474-1A3956D46DE8}") = "5.1 - Data", "5.1 - Data", "{6EC64F42-97CB-4CEE-A079-265FBAFCB9FC}"
EndProject
Project("{2150E333-8FDC-42A3-9474-1A3956D46DE8}") = "5.2 - CrossCutting", "5.2 - CrossCutting", "{DAB88739-920A-4769-A30D-284193D07D7C}"
EndProject
Project("{9A19103F-16F7-4668-BE54-9A1E7A4F7556}") = "Edge.Exago.Application", "Edge.Exago.Application\Edge.Exago.Application.csproj", "{B5425FCA-8F5D-4093-882B-75BAA34E58DF}"
EndProject
Project("{9A19103F-16F7-4668-BE54-9A1E7A4F7556}") = "Edge.Exago.Domain", "Edge.Exago.Domain\Edge.Exago.Domain.csproj", "{7D9C6330-077B-4B10-8517-C2BF8AEC9CD3}"
EndProject
Project("{9A19103F-16F7-4668-BE54-9A1E7A4F7556}") = "Edge.Exago.Domain.Core", "Edge.Exago.Domain.Core\Edge.Exago.Domain.Core.csproj", "{FD57FE19-2ACF-45DB-8F59-7B24CF8C3CCA}"
EndProject
Project("{9A19103F-16F7-4668-BE54-9A1E7A4F7556}") = "Edge.Exago.Infra.Data", "Edge.Exago.Infra.Data\Edge.Exago.Infra.Data.csproj", "{BB0A6564-24B3-4187-8AC5-3230978E9C74}"
EndProject
Project("{9A19103F-16F7-4668-BE54-9A1E7A4F7556}") = "Edge.Exago.Infra.CrossCutting.Bus", "Edge.Exago.Infra.CrossCutting.Bus\Edge.Exago.Infra.CrossCutting.Bus.csproj", "{BDD37651-7436-4DF4-80F1-544890C0D256}"
EndProject
Project("{9A19103F-16F7-4668-BE54-9A1E7A4F7556}") = "Edge.Exago.Infra.CrossCutting.IoC", "Edge.Exago.Infra.CrossCutting.IoC\Edge.Exago.Infra.CrossCutting.IoC.csproj", "{82E75544-E6DC-4F07-8D28-78D013A60AB5}"
EndProject
Project("{2150E333-8FDC-42A3-9474-1A3956D46DE8}") = "Solution Items", "Solution Items", "{09E831D8-CF2C-45BD-B003-39F218B4037E}"
	ProjectSection(SolutionItems) = preProject
		global.json = global.json
	EndProjectSection
EndProject
Global
	GlobalSection(SolutionConfigurationPlatforms) = preSolution
		Debug|Any CPU = Debug|Any CPU
		Release|Any CPU = Release|Any CPU
	EndGlobalSection
	GlobalSection(ProjectConfigurationPlatforms) = postSolution
		{CD1CBAB4-3DC1-4C76-8480-F0B4FCF638C6}.Debug|Any CPU.ActiveCfg = Debug|Any CPU
		{CD1CBAB4-3DC1-4C76-8480-F0B4FCF638C6}.Debug|Any CPU.Build.0 = Debug|Any CPU
		{CD1CBAB4-3DC1-4C76-8480-F0B4FCF638C6}.Release|Any CPU.ActiveCfg = Release|Any CPU
		{CD1CBAB4-3DC1-4C76-8480-F0B4FCF638C6}.Release|Any CPU.Build.0 = Release|Any CPU
		{B5425FCA-8F5D-4093-882B-75BAA34E58DF}.Debug|Any CPU.ActiveCfg = Debug|Any CPU
		{B5425FCA-8F5D-4093-882B-75BAA34E58DF}.Debug|Any CPU.Build.0 = Debug|Any CPU
		{B5425FCA-8F5D-4093-882B-75BAA34E58DF}.Release|Any CPU.ActiveCfg = Release|Any CPU
		{B5425FCA-8F5D-4093-882B-75BAA34E58DF}.Release|Any CPU.Build.0 = Release|Any CPU
		{7D9C6330-077B-4B10-8517-C2BF8AEC9CD3}.Debug|Any CPU.ActiveCfg = Debug|Any CPU
		{7D9C6330-077B-4B10-8517-C2BF8AEC9CD3}.Debug|Any CPU.Build.0 = Debug|Any CPU
		{7D9C6330-077B-4B10-8517-C2BF8AEC9CD3}.Release|Any CPU.ActiveCfg = Release|Any CPU
		{7D9C6330-077B-4B10-8517-C2BF8AEC9CD3}.Release|Any CPU.Build.0 = Release|Any CPU
		{FD57FE19-2ACF-45DB-8F59-7B24CF8C3CCA}.Debug|Any CPU.ActiveCfg = Debug|Any CPU
		{FD57FE19-2ACF-45DB-8F59-7B24CF8C3CCA}.Debug|Any CPU.Build.0 = Debug|Any CPU
		{FD57FE19-2ACF-45DB-8F59-7B24CF8C3CCA}.Release|Any CPU.ActiveCfg = Release|Any CPU
		{FD57FE19-2ACF-45DB-8F59-7B24CF8C3CCA}.Release|Any CPU.Build.0 = Release|Any CPU
		{BB0A6564-24B3-4187-8AC5-3230978E9C74}.Debug|Any CPU.ActiveCfg = Debug|Any CPU
		{BB0A6564-24B3-4187-8AC5-3230978E9C74}.Debug|Any CPU.Build.0 = Debug|Any CPU
		{BB0A6564-24B3-4187-8AC5-3230978E9C74}.Release|Any CPU.ActiveCfg = Release|Any CPU
		{BB0A6564-24B3-4187-8AC5-3230978E9C74}.Release|Any CPU.Build.0 = Release|Any CPU
		{BDD37651-7436-4DF4-80F1-544890C0D256}.Debug|Any CPU.ActiveCfg = Debug|Any CPU
		{BDD37651-7436-4DF4-80F1-544890C0D256}.Debug|Any CPU.Build.0 = Debug|Any CPU
		{BDD37651-7436-4DF4-80F1-544890C0D256}.Release|Any CPU.ActiveCfg = Release|Any CPU
		{BDD37651-7436-4DF4-80F1-544890C0D256}.Release|Any CPU.Build.0 = Release|Any CPU
		{82E75544-E6DC-4F07-8D28-78D013A60AB5}.Debug|Any CPU.ActiveCfg = Debug|Any CPU
		{82E75544-E6DC-4F07-8D28-78D013A60AB5}.Debug|Any CPU.Build.0 = Debug|Any CPU
		{82E75544-E6DC-4F07-8D28-78D013A60AB5}.Release|Any CPU.ActiveCfg = Release|Any CPU
		{82E75544-E6DC-4F07-8D28-78D013A60AB5}.Release|Any CPU.Build.0 = Release|Any CPU
	EndGlobalSection
	GlobalSection(SolutionProperties) = preSolution
		HideSolutionNode = FALSE
	EndGlobalSection
	GlobalSection(NestedProjects) = preSolution
		{CD1CBAB4-3DC1-4C76-8480-F0B4FCF638C6} = {F4905B3F-663B-4E1B-A013-FE9AF2FC608A}
		{6EC64F42-97CB-4CEE-A079-265FBAFCB9FC} = {4EE003FA-24A9-4539-988B-9C02833FC151}
		{DAB88739-920A-4769-A30D-284193D07D7C} = {4EE003FA-24A9-4539-988B-9C02833FC151}
		{B5425FCA-8F5D-4093-882B-75BAA34E58DF} = {2C3FD0C9-635A-45A5-BD22-0AF54BC36FBC}
		{7D9C6330-077B-4B10-8517-C2BF8AEC9CD3} = {24B8798E-D782-4E7A-8696-BCFDF0A5200E}
		{FD57FE19-2ACF-45DB-8F59-7B24CF8C3CCA} = {24B8798E-D782-4E7A-8696-BCFDF0A5200E}
		{BB0A6564-24B3-4187-8AC5-3230978E9C74} = {6EC64F42-97CB-4CEE-A079-265FBAFCB9FC}
		{BDD37651-7436-4DF4-80F1-544890C0D256} = {DAB88739-920A-4769-A30D-284193D07D7C}
		{82E75544-E6DC-4F07-8D28-78D013A60AB5} = {DAB88739-920A-4769-A30D-284193D07D7C}
	EndGlobalSection
	GlobalSection(ExtensibilityGlobals) = postSolution
		SolutionGuid = {38028980-B854-4F64-8D5C-3EAFFC78C114}
	EndGlobalSection
EndGlobal
