
Microsoft Visual Studio Solution File, Format Version 12.00
# Visual Studio Version 16
VisualStudioVersion = 16.0.29411.108
MinimumVisualStudioVersion = 10.0.40219.1
Project("{FAE04EC0-301F-11D3-BF4B-00C04F79EFBC}") = "Edge.Exago.WebApi", "Edge.Exago.WebApi\Edge.Exago.WebApi.csproj", "{CD1CBAB4-3DC1-4C76-8480-F0B4FCF638C6}"
EndProject
Global
	GlobalSection(SolutionConfigurationPlatforms) = preSolution
		Debug|Any CPU = Debug|Any CPU
		Release|Any CPU = Release|Any CPU
	EndGlobalSection
	GlobalSection(ProjectConfigurationPlatforms) = postSolution
		{CD1CBAB4-3DC1-4C76-8480-F0B4FCF638C6}.Debug|Any CPU.ActiveCfg = Debug|Any CPU
		{CD1CBAB4-3DC1-4C76-8480-F0B4FCF638C6}.Debug|Any CPU.Build.0 = Debug|Any CPU
		{CD1CBAB4-3DC1-4C76-8480-F0B4FCF638C6}.Release|Any CPU.ActiveCfg = Release|Any CPU
		{CD1CBAB4-3DC1-4C76-8480-F0B4FCF638C6}.Release|Any CPU.Build.0 = Release|Any CPU
	EndGlobalSection
	GlobalSection(SolutionProperties) = preSolution
		HideSolutionNode = FALSE
	EndGlobalSection
	GlobalSection(ExtensibilityGlobals) = postSolution
		SolutionGuid = {38028980-B854-4F64-8D5C-3EAFFC78C114}
	EndGlobalSection
EndGlobal
